
Microsoft Visual Studio Solution File, Format Version 12.00
# Visual Studio Version 16
VisualStudioVersion = 16.0.29306.81
MinimumVisualStudioVersion = 10.0.40219.1
Project("{FAE04EC0-301F-11D3-BF4B-00C04F79EFBC}") = "Zone_Demo", "Zone_Demo\Zone_Demo.csproj", "{2C00EBE7-C46A-4FCA-B542-293029EA49FD}"
EndProject
Global
	GlobalSection(SolutionConfigurationPlatforms) = preSolution
		Debug|Any CPU = Debug|Any CPU
		Release|Any CPU = Release|Any CPU
	EndGlobalSection
	GlobalSection(ProjectConfigurationPlatforms) = postSolution
		{2C00EBE7-C46A-4FCA-B542-293029EA49FD}.Debug|Any CPU.ActiveCfg = Debug|Any CPU
		{2C00EBE7-C46A-4FCA-B542-293029EA49FD}.Debug|Any CPU.Build.0 = Debug|Any CPU
		{2C00EBE7-C46A-4FCA-B542-293029EA49FD}.Release|Any CPU.ActiveCfg = Release|Any CPU
		{2C00EBE7-C46A-4FCA-B542-293029EA49FD}.Release|Any CPU.Build.0 = Release|Any CPU
	EndGlobalSection
	GlobalSection(SolutionProperties) = preSolution
		HideSolutionNode = FALSE
	EndGlobalSection
	GlobalSection(ExtensibilityGlobals) = postSolution
		SolutionGuid = {BB1ABE36-8008-4524-B314-5A8119D66C46}
	EndGlobalSection
EndGlobal
